
Microsoft Visual Studio Solution File, Format Version 12.00
# Visual Studio Version 16
VisualStudioVersion = 16.0.31624.102
MinimumVisualStudioVersion = 10.0.40219.1
Project("{FAE04EC0-301F-11D3-BF4B-00C04F79EFBC}") = "GovernancePortal.WebAPI", "GovernancePortal.WebAPI\GovernancePortal.WebAPI.csproj", "{CC858784-FA1C-4BD6-AB3F-A3F5845D9215}"
EndProject
Global
	GlobalSection(SolutionConfigurationPlatforms) = preSolution
		Debug|Any CPU = Debug|Any CPU
		Release|Any CPU = Release|Any CPU
	EndGlobalSection
	GlobalSection(ProjectConfigurationPlatforms) = postSolution
		{CC858784-FA1C-4BD6-AB3F-A3F5845D9215}.Debug|Any CPU.ActiveCfg = Debug|Any CPU
		{CC858784-FA1C-4BD6-AB3F-A3F5845D9215}.Debug|Any CPU.Build.0 = Debug|Any CPU
		{CC858784-FA1C-4BD6-AB3F-A3F5845D9215}.Release|Any CPU.ActiveCfg = Release|Any CPU
		{CC858784-FA1C-4BD6-AB3F-A3F5845D9215}.Release|Any CPU.Build.0 = Release|Any CPU
	EndGlobalSection
	GlobalSection(SolutionProperties) = preSolution
		HideSolutionNode = FALSE
	EndGlobalSection
	GlobalSection(ExtensibilityGlobals) = postSolution
		SolutionGuid = {57F62785-6CE6-4ECE-B6E3-6922BE892E52}
	EndGlobalSection
EndGlobal
